github.com/derbylock/go-pluggable-extensions/plugins-lib v1.0.9 h1:AhAFLJNyM1LeX/C5pY+4nk78wYfs2LPsbyXjqsXw4lc=
github.com/derbylock/go-pluggable-extensions/plugins-lib v1.0.9/go.mod h1:874FZoDoR02OBOHFB2wBdxYP9KDumSOqXrnUSB8K9rE=
github.com/gorilla/websocket v1.5.3 h1:saDtZ6Pbx/0u+bgYQ3q96pZgCzfhKXGPqt7kZ72aNNg=
github.com/gorilla/websocket v1.5.3/go.mod h1:YR8l580nyteQvAITg2hZ9XVh4b55+EU/adAjf1fMHhE=
