github.com/derbylock/go-pluggable-extensions/plugins-host v1.1.29 h1:DQ37rb0jgTS+qw0aiVzEHhAZhFC2qXTmxHgX9RYwGcU=
github.com/derbylock/go-pluggable-extensions/plugins-host v1.1.29/go.mod h1:aiiCvo3j9HkY1+I1iask3xgawxKa3fjlRzONjCktv9E=
github.com/derbylock/go-pluggable-extensions/plugins-lib v1.1.29 h1:sNp3hnd2nOKC8hjQdq3LKeuqEFcmphGKnTlvwxr6axo=
github.com/derbylock/go-pluggable-extensions/plugins-lib v1.1.29/go.mod h1:NBLU3qLyS5+7vTEVm9V0G535upYElS1PPCV6kbsiYz0=
github.com/google/uuid v1.6.0 h1:NIvaJDMOsjHA8n1jAhLSgzrAzy1Hgr+hNrb57e+94F0=
github.com/google/uuid v1.6.0/go.mod h1:TIyPZe4MgqvfeYDBFedMoGGpEw/LqOeaOT+nhxU+yHo=
github.com/gorilla/websocket v1.5.3 h1:saDtZ6Pbx/0u+bgYQ3q96pZgCzfhKXGPqt7kZ72aNNg=
github.com/gorilla/websocket v1.5.3/go.mod h1:YR8l580nyteQvAITg2hZ9XVh4b55+EU/adAjf1fMHhE=
