github.com/derbylock/go-pluggable-extensions/plugins-host v1.1.30 h1:7kneXcaOSFvQqYfzUH75WL9Q9ZX3IwgDol3lM89EskM=
github.com/derbylock/go-pluggable-extensions/plugins-host v1.1.30/go.mod h1:OVPa6bNliBAG8moTYB4t8Ta70xRZ1G8bV+0RDA5kvu4=
github.com/derbylock/go-pluggable-extensions/plugins-host v1.1.31/go.mod h1:OVPa6bNliBAG8moTYB4t8Ta70xRZ1G8bV+0RDA5kvu4=
github.com/derbylock/go-pluggable-extensions/plugins-lib v1.1.30 h1:mU7e/A/kqf4ZZMIIjS81TdvoPy+HnDHE50e0U8dQnF8=
github.com/derbylock/go-pluggable-extensions/plugins-lib v1.1.30/go.mod h1:8vTsHH9XtsN8fMxWzILxdDEc8lNevJ4fFnGFyQ1kEz8=
github.com/google/uuid v1.6.0 h1:NIvaJDMOsjHA8n1jAhLSgzrAzy1Hgr+hNrb57e+94F0=
github.com/google/uuid v1.6.0/go.mod h1:TIyPZe4MgqvfeYDBFedMoGGpEw/LqOeaOT+nhxU+yHo=
github.com/gorilla/websocket v1.5.3 h1:saDtZ6Pbx/0u+bgYQ3q96pZgCzfhKXGPqt7kZ72aNNg=
github.com/gorilla/websocket v1.5.3/go.mod h1:YR8l580nyteQvAITg2hZ9XVh4b55+EU/adAjf1fMHhE=
