github.com/derbylock/go-pluggable-extensions/plugins-host v1.0.10 h1:m3k66Qyp+AQhOU/YDWG2SOyOQQIR8MOaBnGxQGijFN0=
github.com/derbylock/go-pluggable-extensions/plugins-host v1.0.10/go.mod h1:fGxQ13xoPxUZBVdD1jyLS8mA5Y7fltn8P32GKxZ+9s4=
github.com/derbylock/go-pluggable-extensions/plugins-host v1.0.11/go.mod h1:fGxQ13xoPxUZBVdD1jyLS8mA5Y7fltn8P32GKxZ+9s4=
github.com/derbylock/go-pluggable-extensions/plugins-lib v1.0.9 h1:AhAFLJNyM1LeX/C5pY+4nk78wYfs2LPsbyXjqsXw4lc=
github.com/derbylock/go-pluggable-extensions/plugins-lib v1.0.9/go.mod h1:874FZoDoR02OBOHFB2wBdxYP9KDumSOqXrnUSB8K9rE=
github.com/google/uuid v1.6.0 h1:NIvaJDMOsjHA8n1jAhLSgzrAzy1Hgr+hNrb57e+94F0=
github.com/google/uuid v1.6.0/go.mod h1:TIyPZe4MgqvfeYDBFedMoGGpEw/LqOeaOT+nhxU+yHo=
github.com/gorilla/websocket v1.5.3 h1:saDtZ6Pbx/0u+bgYQ3q96pZgCzfhKXGPqt7kZ72aNNg=
github.com/gorilla/websocket v1.5.3/go.mod h1:YR8l580nyteQvAITg2hZ9XVh4b55+EU/adAjf1fMHhE=
